# This file is automatically @generated by Cargo.
# It is not intended for manual editing.
version = 4

[[package]]
name = "bitfield"
version = "0.14.0"
source = "registry+https://github.com/rust-lang/crates.io-index"
checksum = "2d7e60934ceec538daadb9d8432424ed043a904d8e0243f3c6446bce549a46ac"

[[package]]
name = "embedded-crc-macros"
version = "1.0.0"
source = "registry+https://github.com/rust-lang/crates.io-index"
checksum = "4f1c75747a43b086df1a87fb2a889590bc0725e0abf54bba6d0c4bf7bd9e762c"

[[package]]
name = "libmctp"
version = "0.2.0"
dependencies = [
 "bitfield",
 "smbus-pec",
]

[[package]]
name = "smbus-pec"
version = "1.0.1"
source = "registry+https://github.com/rust-lang/crates.io-index"
checksum = "ca0763a680cd5d72b28f7bfc8a054c117d8841380a6ad4f72f05bd2a34217d3e"
dependencies = [
 "embedded-crc-macros",
]
